
Microsoft Visual Studio Solution File, Format Version 12.00
# Visual Studio Version 17
VisualStudioVersion = 17.4.32804.182
MinimumVisualStudioVersion = 10.0.40219.1
Project("{2150E333-8FDC-42A3-9474-1A3956D46DE8}") = "src", "src", "{9149D893-EF94-4CCC-9613-BA6769114890}"
EndProject
Project("{9A19103F-16F7-4668-BE54-9A1E7A4F7556}") = "Infrastructure", "Infrastructure\Infrastructure.csproj", "{D577F7E8-0149-4B00-8060-49A7171B8C09}"
EndProject
Project("{9A19103F-16F7-4668-BE54-9A1E7A4F7556}") = "ApplicationCore", "ApplicationCore\ApplicationCore.csproj", "{2294FD51-D99C-44CB-8C8F-7CE28D2EA4D3}"
EndProject
Project("{9A19103F-16F7-4668-BE54-9A1E7A4F7556}") = "WebApi", "WebApi\WebApi.csproj", "{008EDCC3-FAF5-4C84-8FB6-BF393482FD92}"
EndProject
Project("{2150E333-8FDC-42A3-9474-1A3956D46DE8}") = "Database", "Database", "{492CBFE8-B2FF-4F78-9C0C-94A223D0BF0C}"
	ProjectSection(SolutionItems) = preProject
		address.sql = address.sql
		company.sql = company.sql
		contact.sql = contact.sql
		contact_role.sql = contact_role.sql
		country.sql = country.sql
		personData.sql = personData.sql
		persons.sql = persons.sql
	EndProjectSection
EndProject
Global
	GlobalSection(SolutionConfigurationPlatforms) = preSolution
		Debug|Any CPU = Debug|Any CPU
		Release|Any CPU = Release|Any CPU
	EndGlobalSection
	GlobalSection(ProjectConfigurationPlatforms) = postSolution
		{D577F7E8-0149-4B00-8060-49A7171B8C09}.Debug|Any CPU.ActiveCfg = Debug|Any CPU
		{D577F7E8-0149-4B00-8060-49A7171B8C09}.Debug|Any CPU.Build.0 = Debug|Any CPU
		{D577F7E8-0149-4B00-8060-49A7171B8C09}.Release|Any CPU.ActiveCfg = Release|Any CPU
		{D577F7E8-0149-4B00-8060-49A7171B8C09}.Release|Any CPU.Build.0 = Release|Any CPU
		{2294FD51-D99C-44CB-8C8F-7CE28D2EA4D3}.Debug|Any CPU.ActiveCfg = Debug|Any CPU
		{2294FD51-D99C-44CB-8C8F-7CE28D2EA4D3}.Debug|Any CPU.Build.0 = Debug|Any CPU
		{2294FD51-D99C-44CB-8C8F-7CE28D2EA4D3}.Release|Any CPU.ActiveCfg = Release|Any CPU
		{2294FD51-D99C-44CB-8C8F-7CE28D2EA4D3}.Release|Any CPU.Build.0 = Release|Any CPU
		{008EDCC3-FAF5-4C84-8FB6-BF393482FD92}.Debug|Any CPU.ActiveCfg = Debug|Any CPU
		{008EDCC3-FAF5-4C84-8FB6-BF393482FD92}.Debug|Any CPU.Build.0 = Debug|Any CPU
		{008EDCC3-FAF5-4C84-8FB6-BF393482FD92}.Release|Any CPU.ActiveCfg = Release|Any CPU
		{008EDCC3-FAF5-4C84-8FB6-BF393482FD92}.Release|Any CPU.Build.0 = Release|Any CPU
	EndGlobalSection
	GlobalSection(SolutionProperties) = preSolution
		HideSolutionNode = FALSE
	EndGlobalSection
	GlobalSection(NestedProjects) = preSolution
		{D577F7E8-0149-4B00-8060-49A7171B8C09} = {9149D893-EF94-4CCC-9613-BA6769114890}
		{2294FD51-D99C-44CB-8C8F-7CE28D2EA4D3} = {9149D893-EF94-4CCC-9613-BA6769114890}
		{008EDCC3-FAF5-4C84-8FB6-BF393482FD92} = {9149D893-EF94-4CCC-9613-BA6769114890}
	EndGlobalSection
	GlobalSection(ExtensibilityGlobals) = postSolution
		SolutionGuid = {853771C9-63B9-42DF-92B6-988C8399C82A}
	EndGlobalSection
EndGlobal
